
Microsoft Visual Studio Solution File, Format Version 12.00
# Visual Studio 15
VisualStudioVersion = 15.0.27703.2047
MinimumVisualStudioVersion = 10.0.40219.1
Project("{FAE04EC0-301F-11D3-BF4B-00C04F79EFBC}") = "ImageProcessor", "ImageProcessor\ImageProcessor.csproj", "{8B3CA7B5-C77E-4CEC-A9B2-BE9CB89FBCCF}"
EndProject
Global
	GlobalSection(SolutionConfigurationPlatforms) = preSolution
		Debug|Any CPU = Debug|Any CPU
		Release|Any CPU = Release|Any CPU
	EndGlobalSection
	GlobalSection(ProjectConfigurationPlatforms) = postSolution
		{8B3CA7B5-C77E-4CEC-A9B2-BE9CB89FBCCF}.Debug|Any CPU.ActiveCfg = Debug|Any CPU
		{8B3CA7B5-C77E-4CEC-A9B2-BE9CB89FBCCF}.Debug|Any CPU.Build.0 = Debug|Any CPU
		{8B3CA7B5-C77E-4CEC-A9B2-BE9CB89FBCCF}.Release|Any CPU.ActiveCfg = Release|Any CPU
		{8B3CA7B5-C77E-4CEC-A9B2-BE9CB89FBCCF}.Release|Any CPU.Build.0 = Release|Any CPU
	EndGlobalSection
	GlobalSection(SolutionProperties) = preSolution
		HideSolutionNode = FALSE
	EndGlobalSection
	GlobalSection(ExtensibilityGlobals) = postSolution
		SolutionGuid = {CCC0D139-0D58-467D-849D-D5262E4F9016}
	EndGlobalSection
EndGlobal
